Microsoft Visual Studio Solution File, Format Version 12.00
# Visual Studio Version 17
VisualStudioVersion = 17.5.2.0
MinimumVisualStudioVersion = 10.0.40219.1
Project("{9A19103F-16F7-4668-BE54-9A1E7A4F7556}") = "santander-hr-api", "api\santander-hr-api.csproj", "{F7EC81EF-509F-40A3-B9C5-CADF6E542AED}"
EndProject
Project("{FAE04EC0-301F-11D3-BF4B-00C04F79EFBC}") = "santander-hr-api.tests", "tests\santander-hr-api.tests\santander-hr-api.tests.csproj", "{AF6401FC-BA49-47C7-9B34-5A5816B43B36}"
EndProject
Global
	GlobalSection(SolutionConfigurationPlatforms) = preSolution
		Debug|Any CPU = Debug|Any CPU
		Release|Any CPU = Release|Any CPU
	EndGlobalSection
	GlobalSection(ProjectConfigurationPlatforms) = postSolution
		{F7EC81EF-509F-40A3-B9C5-CADF6E542AED}.Debug|Any CPU.ActiveCfg = Debug|Any CPU
		{F7EC81EF-509F-40A3-B9C5-CADF6E542AED}.Debug|Any CPU.Build.0 = Debug|Any CPU
		{F7EC81EF-509F-40A3-B9C5-CADF6E542AED}.Release|Any CPU.ActiveCfg = Release|Any CPU
		{F7EC81EF-509F-40A3-B9C5-CADF6E542AED}.Release|Any CPU.Build.0 = Release|Any CPU
		{AF6401FC-BA49-47C7-9B34-5A5816B43B36}.Debug|Any CPU.ActiveCfg = Debug|Any CPU
		{AF6401FC-BA49-47C7-9B34-5A5816B43B36}.Debug|Any CPU.Build.0 = Debug|Any CPU
		{AF6401FC-BA49-47C7-9B34-5A5816B43B36}.Release|Any CPU.ActiveCfg = Release|Any CPU
		{AF6401FC-BA49-47C7-9B34-5A5816B43B36}.Release|Any CPU.Build.0 = Release|Any CPU
	EndGlobalSection
	GlobalSection(SolutionProperties) = preSolution
		HideSolutionNode = FALSE
	EndGlobalSection
	GlobalSection(ExtensibilityGlobals) = postSolution
		SolutionGuid = {AD1A778A-E782-4553-8A60-6C30ECC263F5}
	EndGlobalSection
EndGlobal
